
Microsoft Visual Studio Solution File, Format Version 12.00
# Visual Studio Version 17
VisualStudioVersion = 17.7.34031.279
MinimumVisualStudioVersion = 10.0.40219.1
Project("{2150E333-8FDC-42A3-9474-1A3956D46DE8}") = "src", "src", "{0E3CB703-F857-495A-A049-9F973DBE825A}"
EndProject
Project("{6EC3EE1D-3C4E-46DD-8F32-0CC8E7565705}") = "Carcard.Api", "src\Carcard.Api\Carcard.Api.fsproj", "{040F1397-EC59-4456-86F4-CC8708C735C0}"
EndProject
Project("{FAE04EC0-301F-11D3-BF4B-00C04F79EFBC}") = "Carcard.Database", "src\Carcard.Database\Carcard.Database.csproj", "{B1876B96-4806-4B27-AC50-698CE164A2EE}"
EndProject
Global
	GlobalSection(SolutionConfigurationPlatforms) = preSolution
		Debug|Any CPU = Debug|Any CPU
		Release|Any CPU = Release|Any CPU
	EndGlobalSection
	GlobalSection(ProjectConfigurationPlatforms) = postSolution
		{040F1397-EC59-4456-86F4-CC8708C735C0}.Debug|Any CPU.ActiveCfg = Debug|Any CPU
		{040F1397-EC59-4456-86F4-CC8708C735C0}.Debug|Any CPU.Build.0 = Debug|Any CPU
		{040F1397-EC59-4456-86F4-CC8708C735C0}.Release|Any CPU.ActiveCfg = Release|Any CPU
		{040F1397-EC59-4456-86F4-CC8708C735C0}.Release|Any CPU.Build.0 = Release|Any CPU
		{B1876B96-4806-4B27-AC50-698CE164A2EE}.Debug|Any CPU.ActiveCfg = Debug|Any CPU
		{B1876B96-4806-4B27-AC50-698CE164A2EE}.Debug|Any CPU.Build.0 = Debug|Any CPU
		{B1876B96-4806-4B27-AC50-698CE164A2EE}.Release|Any CPU.ActiveCfg = Release|Any CPU
		{B1876B96-4806-4B27-AC50-698CE164A2EE}.Release|Any CPU.Build.0 = Release|Any CPU
	EndGlobalSection
	GlobalSection(SolutionProperties) = preSolution
		HideSolutionNode = FALSE
	EndGlobalSection
	GlobalSection(NestedProjects) = preSolution
		{040F1397-EC59-4456-86F4-CC8708C735C0} = {0E3CB703-F857-495A-A049-9F973DBE825A}
		{B1876B96-4806-4B27-AC50-698CE164A2EE} = {0E3CB703-F857-495A-A049-9F973DBE825A}
	EndGlobalSection
	GlobalSection(ExtensibilityGlobals) = postSolution
		SolutionGuid = {703A0E7C-C86E-4874-91EE-6F169D2769D6}
	EndGlobalSection
EndGlobal
